
Microsoft Visual Studio Solution File, Format Version 12.00
# Visual Studio Version 17
VisualStudioVersion = 17.5.33516.290
MinimumVisualStudioVersion = 10.0.40219.1
Project("{FAE04EC0-301F-11D3-BF4B-00C04F79EFBC}") = "ContactsAPI", "ContactsAPI\ContactsAPI.csproj", "{5B513EB1-CB07-4670-A2A1-D9CF701F108F}"
EndProject
Global
	GlobalSection(SolutionConfigurationPlatforms) = preSolution
		Debug|Any CPU = Debug|Any CPU
		Release|Any CPU = Release|Any CPU
	EndGlobalSection
	GlobalSection(ProjectConfigurationPlatforms) = postSolution
		{5B513EB1-CB07-4670-A2A1-D9CF701F108F}.Debug|Any CPU.ActiveCfg = Debug|Any CPU
		{5B513EB1-CB07-4670-A2A1-D9CF701F108F}.Debug|Any CPU.Build.0 = Debug|Any CPU
		{5B513EB1-CB07-4670-A2A1-D9CF701F108F}.Release|Any CPU.ActiveCfg = Release|Any CPU
		{5B513EB1-CB07-4670-A2A1-D9CF701F108F}.Release|Any CPU.Build.0 = Release|Any CPU
	EndGlobalSection
	GlobalSection(SolutionProperties) = preSolution
		HideSolutionNode = FALSE
	EndGlobalSection
	GlobalSection(ExtensibilityGlobals) = postSolution
		SolutionGuid = {BA4F9A86-BF52-4962-90DE-850D9188250F}
	EndGlobalSection
EndGlobal
